
Microsoft Visual Studio Solution File, Format Version 12.00
# Visual Studio 2013
VisualStudioVersion = 12.0.30723.0
MinimumVisualStudioVersion = 10.0.40219.1
Project("{8BC9CEB8-8B4A-11D0-8D11-00A0C91BC942}") = "CTDL_HN tower ft Stack", "CTDL_HN tower ft Stack\CTDL_HN tower ft Stack.vcxproj", "{7150EDDF-7A49-44FD-8985-47DB83477D07}"
EndProject
Global
	GlobalSection(SolutionConfigurationPlatforms) = preSolution
		Debug|Win32 = Debug|Win32
		Release|Win32 = Release|Win32
	EndGlobalSection
	GlobalSection(ProjectConfigurationPlatforms) = postSolution
		{7150EDDF-7A49-44FD-8985-47DB83477D07}.Debug|Win32.ActiveCfg = Debug|Win32
		{7150EDDF-7A49-44FD-8985-47DB83477D07}.Debug|Win32.Build.0 = Debug|Win32
		{7150EDDF-7A49-44FD-8985-47DB83477D07}.Release|Win32.ActiveCfg = Release|Win32
		{7150EDDF-7A49-44FD-8985-47DB83477D07}.Release|Win32.Build.0 = Release|Win32
	EndGlobalSection
	GlobalSection(SolutionProperties) = preSolution
		HideSolutionNode = FALSE
	EndGlobalSection
EndGlobal
