
Microsoft Visual Studio Solution File, Format Version 12.00
# Visual Studio 2013
VisualStudioVersion = 12.0.30723.0
MinimumVisualStudioVersion = 10.0.40219.1
Project("{8BC9CEB8-8B4A-11D0-8D11-00A0C91BC942}") = "C2_QuanLyNhanVien", "C2_QuanLyNhanVien\C2_QuanLyNhanVien.vcxproj", "{18794645-D3E7-4A57-9D25-3E89966FDFC9}"
EndProject
Global
	GlobalSection(SolutionConfigurationPlatforms) = preSolution
		Debug|Win32 = Debug|Win32
		Release|Win32 = Release|Win32
	EndGlobalSection
	GlobalSection(ProjectConfigurationPlatforms) = postSolution
		{18794645-D3E7-4A57-9D25-3E89966FDFC9}.Debug|Win32.ActiveCfg = Debug|Win32
		{18794645-D3E7-4A57-9D25-3E89966FDFC9}.Debug|Win32.Build.0 = Debug|Win32
		{18794645-D3E7-4A57-9D25-3E89966FDFC9}.Release|Win32.ActiveCfg = Release|Win32
		{18794645-D3E7-4A57-9D25-3E89966FDFC9}.Release|Win32.Build.0 = Release|Win32
	EndGlobalSection
	GlobalSection(SolutionProperties) = preSolution
		HideSolutionNode = FALSE
	EndGlobalSection
EndGlobal
